github.com/jason-zhj/commstf/mamun v0.1.0 h1:Vsx4ey5OG06g3LMppX4egGTBhNmbuqv0ObF6QV1XXtY=
github.com/jason-zhj/commstf/mamun v0.1.0/go.mod h1:0aADjOPBTFQe+0W/ummMFykwtHlKjSrgg4q28NEbpj0=
github.com/jason-zhj/commstf/mamun v0.3.0 h1:hGXdGkCrzoT8vFCmdF6j7zxOB/AP7rPfexh6QOOY2qA=
github.com/jason-zhj/commstf/mamun v0.3.0/go.mod h1:0aADjOPBTFQe+0W/ummMFykwtHlKjSrgg4q28NEbpj0=
github.com/jason-zhj/commstf/mamun v0.4.0 h1:laeLViDc1bE4B0FxpQ0ahlXung/U/5OPWjdl7SoLa98=
github.com/jason-zhj/commstf/mamun v0.4.0/go.mod h1:0aADjOPBTFQe+0W/ummMFykwtHlKjSrgg4q28NEbpj0=
github.com/jason-zhj/commstf/mamun v0.5.0 h1:lsNAwDQxIC07cCwZ6z2fCIb3nIB7WQUKVp3fgx+yCE4=
github.com/jason-zhj/commstf/mamun v0.5.0/go.mod h1:0aADjOPBTFQe+0W/ummMFykwtHlKjSrgg4q28NEbpj0=
github.com/jason-zhj/commstf/mamun v1.0.0 h1:0Z14jYY4x4Yge5H4atJZ3j0B+e5cYpgZG918XmNTDpE=
github.com/jason-zhj/commstf/mamun v1.0.0/go.mod h1:0aADjOPBTFQe+0W/ummMFykwtHlKjSrgg4q28NEbpj0=
github.com/jason-zhj/commstf/mamun v1.1.0 h1:oT5MCJRGthSbrLlFvKtWGVxtN4J4thg8EdUuhjEo6Mc=
github.com/jason-zhj/commstf/mamun v1.1.0/go.mod h1:ECAFxIJu5VKrVtAWyRD72x0y9sM1IMszbI7X4tIcxII=
github.com/jason-zhj/commstf/mamun/naveen v0.1.0 h1:mZnvNWJR+jNtTfrVUlsquwD1Rh3BY09czlJcnQkcAkY=
github.com/jason-zhj/commstf/mamun/naveen v0.1.0/go.mod h1:l8wfuQ8ozymp47tV8qBw1mXhhyYs9b3Jox02vqAzKA4=
github.com/jason-zhj/commstf/mamun/naveen v0.2.0 h1:TXTikgGDfSEpwDjfF8t/HZjCbtNlD5zN14qqmdF9GZw=
github.com/jason-zhj/commstf/mamun/naveen v0.2.0/go.mod h1:l8wfuQ8ozymp47tV8qBw1mXhhyYs9b3Jox02vqAzKA4=
github.com/jason-zhj/commstf/mamun/naveen v1.0.0 h1:oPQV/aynUQyH+TX1ojsdtMMSTxK5+brg2Cz7bU/M4zg=
github.com/jason-zhj/commstf/mamun/naveen v1.0.0/go.mod h1:J0hg2kq4RQV9vCNE0cFX1WnTx85OftdFuMXe9X8gIkY=
github.com/jason-zhj/commstf/pengxuan v0.1.0 h1:RoKxA3ema7LSyOuFI5aU5kwSOqHz4lyB3Xyf4HqryR8=
github.com/jason-zhj/commstf/pengxuan v0.1.0/go.mod h1:U0+Ns5niDIMjr8x8lnNNqc/LljDKyd7w4bndcqQaDzE=
